
Microsoft Visual Studio Solution File, Format Version 12.00
# Visual Studio Version 16
VisualStudioVersion = 16.0.29709.97
MinimumVisualStudioVersion = 10.0.40219.1
Project("{FAE04EC0-301F-11D3-BF4B-00C04F79EFBC}") = "u4p1", "u4p1\u4p1.csproj", "{94BF6BC9-0ED9-4D18-B738-9AD5A1F9B6E7}"
EndProject
Global
	GlobalSection(SolutionConfigurationPlatforms) = preSolution
		Debug|Any CPU = Debug|Any CPU
		Release|Any CPU = Release|Any CPU
	EndGlobalSection
	GlobalSection(ProjectConfigurationPlatforms) = postSolution
		{94BF6BC9-0ED9-4D18-B738-9AD5A1F9B6E7}.Debug|Any CPU.ActiveCfg = Debug|Any CPU
		{94BF6BC9-0ED9-4D18-B738-9AD5A1F9B6E7}.Debug|Any CPU.Build.0 = Debug|Any CPU
		{94BF6BC9-0ED9-4D18-B738-9AD5A1F9B6E7}.Release|Any CPU.ActiveCfg = Release|Any CPU
		{94BF6BC9-0ED9-4D18-B738-9AD5A1F9B6E7}.Release|Any CPU.Build.0 = Release|Any CPU
	EndGlobalSection
	GlobalSection(SolutionProperties) = preSolution
		HideSolutionNode = FALSE
	EndGlobalSection
	GlobalSection(ExtensibilityGlobals) = postSolution
		SolutionGuid = {B6F74B4A-4376-4927-A648-8ADA6262CCCF}
	EndGlobalSection
EndGlobal
